
Microsoft Visual Studio Solution File, Format Version 9.00
# Visual Studio 2005
Project("{FAE04EC0-301F-11D3-BF4B-00C04F79EFBC}") = "CSharp_StrobeEnableSample", "CSharp_StrobeEnableSample\CSharp_StrobeEnableSample.csproj", "{753E3D77-BB2B-4EDB-8647-97ECAA07DF70}"
EndProject
Global
	GlobalSection(SolutionConfigurationPlatforms) = preSolution
		Debug|Any CPU = Debug|Any CPU
		Release|Any CPU = Release|Any CPU
	EndGlobalSection
	GlobalSection(ProjectConfigurationPlatforms) = postSolution
		{753E3D77-BB2B-4EDB-8647-97ECAA07DF70}.Debug|Any CPU.ActiveCfg = Debug|Any CPU
		{753E3D77-BB2B-4EDB-8647-97ECAA07DF70}.Debug|Any CPU.Build.0 = Debug|Any CPU
		{753E3D77-BB2B-4EDB-8647-97ECAA07DF70}.Release|Any CPU.ActiveCfg = Release|Any CPU
		{753E3D77-BB2B-4EDB-8647-97ECAA07DF70}.Release|Any CPU.Build.0 = Release|Any CPU
	EndGlobalSection
	GlobalSection(SolutionProperties) = preSolution
		HideSolutionNode = FALSE
	EndGlobalSection
EndGlobal
